
Microsoft Visual Studio Solution File, Format Version 12.00
# Visual Studio Version 16
VisualStudioVersion = 16.0.30621.155
MinimumVisualStudioVersion = 10.0.40219.1
Project("{FAE04EC0-301F-11D3-BF4B-00C04F79EFBC}") = "EjercicioClass", "EjercicioClass\EjercicioClass.csproj", "{1BDCB2D5-08B4-4D88-AFF2-03D81B16680F}"
EndProject
Global
	GlobalSection(SolutionConfigurationPlatforms) = preSolution
		Debug|Any CPU = Debug|Any CPU
		Release|Any CPU = Release|Any CPU
	EndGlobalSection
	GlobalSection(ProjectConfigurationPlatforms) = postSolution
		{1BDCB2D5-08B4-4D88-AFF2-03D81B16680F}.Debug|Any CPU.ActiveCfg = Debug|Any CPU
		{1BDCB2D5-08B4-4D88-AFF2-03D81B16680F}.Debug|Any CPU.Build.0 = Debug|Any CPU
		{1BDCB2D5-08B4-4D88-AFF2-03D81B16680F}.Release|Any CPU.ActiveCfg = Release|Any CPU
		{1BDCB2D5-08B4-4D88-AFF2-03D81B16680F}.Release|Any CPU.Build.0 = Release|Any CPU
	EndGlobalSection
	GlobalSection(SolutionProperties) = preSolution
		HideSolutionNode = FALSE
	EndGlobalSection
	GlobalSection(ExtensibilityGlobals) = postSolution
		SolutionGuid = {0F2902B9-4650-4A23-A9EC-7B249BCE1F94}
	EndGlobalSection
EndGlobal
